
Microsoft Visual Studio Solution File, Format Version 12.00
# Visual Studio Version 16
VisualStudioVersion = 16.0.31702.278
MinimumVisualStudioVersion = 10.0.40219.1
Project("{FAE04EC0-301F-11D3-BF4B-00C04F79EFBC}") = "WebApplication2", "WebApplication2\WebApplication2.csproj", "{761B6AB2-8880-4B83-B743-D05C0C3D585E}"
EndProject
Global
	GlobalSection(SolutionConfigurationPlatforms) = preSolution
		Debug|Any CPU = Debug|Any CPU
		Release|Any CPU = Release|Any CPU
	EndGlobalSection
	GlobalSection(ProjectConfigurationPlatforms) = postSolution
		{761B6AB2-8880-4B83-B743-D05C0C3D585E}.Debug|Any CPU.ActiveCfg = Debug|Any CPU
		{761B6AB2-8880-4B83-B743-D05C0C3D585E}.Debug|Any CPU.Build.0 = Debug|Any CPU
		{761B6AB2-8880-4B83-B743-D05C0C3D585E}.Release|Any CPU.ActiveCfg = Release|Any CPU
		{761B6AB2-8880-4B83-B743-D05C0C3D585E}.Release|Any CPU.Build.0 = Release|Any CPU
	EndGlobalSection
	GlobalSection(SolutionProperties) = preSolution
		HideSolutionNode = FALSE
	EndGlobalSection
	GlobalSection(ExtensibilityGlobals) = postSolution
		SolutionGuid = {77FFE69E-2678-4C84-A25C-C1F56AF00AF7}
	EndGlobalSection
EndGlobal
